
Microsoft Visual Studio Solution File, Format Version 12.00
# Visual Studio Version 16
VisualStudioVersion = 16.0.32002.261
MinimumVisualStudioVersion = 10.0.40219.1
Project("{2150E333-8FDC-42A3-9474-1A3956D46DE8}") = "ShopManagement", "ShopManagement", "{CD6FADCB-3123-4A73-92DE-F12A7DB34A1B}"
EndProject
Project("{2150E333-8FDC-42A3-9474-1A3956D46DE8}") = "Sm.Domain", "Sm.Domain", "{B874C5FC-F000-4BFE-A0CE-41EE3BC3A031}"
EndProject
Project("{9A19103F-16F7-4668-BE54-9A1E7A4F7556}") = "ShopManagement.Domain", "ShopManagement.Domain\ShopManagement.Domain.csproj", "{ACBF7D99-F2CE-4C38-9CBA-1A70D080FE60}"
EndProject
Project("{9A19103F-16F7-4668-BE54-9A1E7A4F7556}") = "OuroFramework", "OuroFramework\OuroFramework.csproj", "{EFF77C9A-49EB-4B5A-B00B-48303AF96BDA}"
EndProject
Project("{2150E333-8FDC-42A3-9474-1A3956D46DE8}") = "Sm.Application", "Sm.Application", "{655E8E32-4EBD-4E0A-9CD0-AE734F89E3B9}"
EndProject
Project("{9A19103F-16F7-4668-BE54-9A1E7A4F7556}") = "ShopManagement.Application.Contracts", "ShopManagement.Application.Contracts\ShopManagement.Application.Contracts.csproj", "{97A28867-A94F-4088-B005-768C14E4DFEA}"
EndProject
Project("{9A19103F-16F7-4668-BE54-9A1E7A4F7556}") = "ShopManagement.Application", "ShopManagement.Application\ShopManagement.Application.csproj", "{F4A0EF6C-E91B-472F-870E-1D2FC8493AC8}"
EndProject
Project("{2150E333-8FDC-42A3-9474-1A3956D46DE8}") = "Sm.Infrastructure", "Sm.Infrastructure", "{071777C7-F650-4B21-903D-984480247A96}"
EndProject
Project("{9A19103F-16F7-4668-BE54-9A1E7A4F7556}") = "ShopManagement.Infrastructure", "ShopManagement.Infrastructure\ShopManagement.Infrastructure.csproj", "{79C4EFF7-D328-4F73-9A72-4CC538BCD61E}"
EndProject
Project("{9A19103F-16F7-4668-BE54-9A1E7A4F7556}") = "ShopManagement.Infrastructure.Configuration", "ShopManagement.Infrastructure.Configuration\ShopManagement.Infrastructure.Configuration.csproj", "{C2444364-9CF7-4C40-90F5-A23B6B31ABF5}"
EndProject
Project("{9A19103F-16F7-4668-BE54-9A1E7A4F7556}") = "ServiceHost", "ServiceHost\ServiceHost.csproj", "{F3ACAAD5-68D0-4D10-9406-28F0F8EB63FC}"
EndProject
Project("{9A19103F-16F7-4668-BE54-9A1E7A4F7556}") = "HomekalaQuery", "HomekalaQuery\HomekalaQuery.csproj", "{B2D76709-7068-41B7-8835-672498949509}"
EndProject
Project("{2150E333-8FDC-42A3-9474-1A3956D46DE8}") = "DiscountManagement", "DiscountManagement", "{8D9DE966-A63A-466D-BD4C-839E0DE49FBE}"
EndProject
Project("{2150E333-8FDC-42A3-9474-1A3956D46DE8}") = "Dm.Domain", "Dm.Domain", "{C4302B5F-D747-4255-AB5C-F653A3B8425B}"
EndProject
Project("{9A19103F-16F7-4668-BE54-9A1E7A4F7556}") = "DiscountManagement.Domain", "DiscountManagement.Domain\DiscountManagement.Domain.csproj", "{B9C2C0BF-8233-49D4-A7B4-88E7BC29E15E}"
EndProject
Project("{2150E333-8FDC-42A3-9474-1A3956D46DE8}") = "Dm.Application", "Dm.Application", "{96B8F75D-7DCC-44CE-B3A3-56EFD9A00E7D}"
EndProject
Project("{9A19103F-16F7-4668-BE54-9A1E7A4F7556}") = "DiscountManagement.Application", "DiscountManagement.Application\DiscountManagement.Application.csproj", "{F8B97F03-446F-4242-B763-5C550E9EE3D0}"
EndProject
Project("{9A19103F-16F7-4668-BE54-9A1E7A4F7556}") = "DiscountManagement.Application.Contracts", "DiscountManagement.Application.Contracts\DiscountManagement.Application.Contracts.csproj", "{AB85BC07-E9BF-47C9-A8A4-D711B99F3284}"
EndProject
Project("{2150E333-8FDC-42A3-9474-1A3956D46DE8}") = "Dm.Infrastructure", "Dm.Infrastructure", "{70B50712-260C-4BFB-A1D1-F80EDF93EBD4}"
EndProject
Project("{9A19103F-16F7-4668-BE54-9A1E7A4F7556}") = "DiscountManagement.Infrastructure.EfCore", "DiscountManagement.Infrastructure.EfCore\DiscountManagement.Infrastructure.EfCore.csproj", "{9F62D90D-E9B0-4261-859D-532C8EC42E06}"
EndProject
Project("{9A19103F-16F7-4668-BE54-9A1E7A4F7556}") = "DiscountManagement.Infrastructure.Configuration", "DiscountManagement.Infrastructure.Configuration\DiscountManagement.Infrastructure.Configuration.csproj", "{2D4D4339-F1E0-44CE-8B33-69C4D35F664F}"
EndProject
Project("{2150E333-8FDC-42A3-9474-1A3956D46DE8}") = "CommentManagement", "CommentManagement", "{E15699E3-C96B-4A9F-B1AF-4E400BDBC1C8}"
EndProject
Project("{2150E333-8FDC-42A3-9474-1A3956D46DE8}") = "Cm.Domain", "Cm.Domain", "{206A0AD3-8EBF-48A2-A564-CA8EEB0F4130}"
EndProject
Project("{9A19103F-16F7-4668-BE54-9A1E7A4F7556}") = "CommentManagement.Domain", "CommentManagement.Domain\CommentManagement.Domain.csproj", "{C44848F8-643F-4E87-84B1-270FC198003F}"
EndProject
Project("{2150E333-8FDC-42A3-9474-1A3956D46DE8}") = "Cm.Application", "Cm.Application", "{A1C06756-5469-4189-95D6-F1ABA51D38F9}"
EndProject
Project("{9A19103F-16F7-4668-BE54-9A1E7A4F7556}") = "CommentManagement.Application.Contracts", "CommentManagement.Application.Contracts\CommentManagement.Application.Contracts.csproj", "{08D63A00-F352-48B8-8F8F-7F849FC5C691}"
EndProject
Project("{9A19103F-16F7-4668-BE54-9A1E7A4F7556}") = "CommentManagement.Application", "CommentManagement.Application\CommentManagement.Application.csproj", "{DCA81324-8094-4AB9-8B61-D0F57AC822DD}"
EndProject
Project("{2150E333-8FDC-42A3-9474-1A3956D46DE8}") = "Cm.Infrastructure", "Cm.Infrastructure", "{3AB8FF57-A5C5-43F5-925B-C211D7EA162B}"
EndProject
Project("{9A19103F-16F7-4668-BE54-9A1E7A4F7556}") = "CommentManagement.Infrastructure", "CommentManagement.Infrastructure\CommentManagement.Infrastructure.csproj", "{C0B8C2C0-56FC-44F2-9C19-78E21789B875}"
EndProject
Project("{9A19103F-16F7-4668-BE54-9A1E7A4F7556}") = "CommentManagement.Infrastructure.Configuration", "CommentManagement.Infrastructure.Configuration\CommentManagement.Infrastructure.Configuration.csproj", "{46D15D85-9192-4982-91EE-1A5E26C66EBD}"
EndProject
Project("{2150E333-8FDC-42A3-9474-1A3956D46DE8}") = "AccountManagement", "AccountManagement", "{F4C89C5D-BA30-4FF3-BCB5-B4D75B89EB7B}"
EndProject
Project("{2150E333-8FDC-42A3-9474-1A3956D46DE8}") = "Am.Domain", "Am.Domain", "{EA0D94C9-B3F8-4DC9-A58A-3F243DB7206E}"
EndProject
Project("{9A19103F-16F7-4668-BE54-9A1E7A4F7556}") = "AccountManagement.Domain", "AccountManagement.Domain\AccountManagement.Domain.csproj", "{E30CB578-6EA3-4612-87B9-EB2764417EC5}"
EndProject
Project("{2150E333-8FDC-42A3-9474-1A3956D46DE8}") = "Am.Application", "Am.Application", "{9341E20C-2A04-4643-BB3D-9F3D14966DFC}"
EndProject
Project("{9A19103F-16F7-4668-BE54-9A1E7A4F7556}") = "AccountManagement.Application.Contracts", "AccountManagement.Application.Contracts\AccountManagement.Application.Contracts.csproj", "{B807626D-BE64-4230-BA3C-B2DB9DA0BB21}"
EndProject
Project("{9A19103F-16F7-4668-BE54-9A1E7A4F7556}") = "AccountManagement.Application", "AccountManagement.Application\AccountManagement.Application.csproj", "{2D5DDD05-397F-4A26-A683-92E23204F759}"
EndProject
Project("{2150E333-8FDC-42A3-9474-1A3956D46DE8}") = "Am.Infrastructure", "Am.Infrastructure", "{9B611D2E-F082-40BC-965B-EEBAB24DAF4A}"
EndProject
Project("{9A19103F-16F7-4668-BE54-9A1E7A4F7556}") = "AccountManagement.Infrastructure", "AccountManagement.Infrastructure\AccountManagement.Infrastructure.csproj", "{BC1D8CDE-6B26-41D8-A2DE-265B12D49FC9}"
EndProject
Project("{9A19103F-16F7-4668-BE54-9A1E7A4F7556}") = "AccountManagement.Infrastructure.Configuration", "AccountManagement.Infrastructure.Configuration\AccountManagement.Infrastructure.Configuration.csproj", "{A0946AD2-C1F3-4C5A-A992-76535273D0B3}"
EndProject
Global
	GlobalSection(SolutionConfigurationPlatforms) = preSolution
		Debug|Any CPU = Debug|Any CPU
		Release|Any CPU = Release|Any CPU
	EndGlobalSection
	GlobalSection(ProjectConfigurationPlatforms) = postSolution
		{ACBF7D99-F2CE-4C38-9CBA-1A70D080FE60}.Debug|Any CPU.ActiveCfg = Debug|Any CPU
		{ACBF7D99-F2CE-4C38-9CBA-1A70D080FE60}.Debug|Any CPU.Build.0 = Debug|Any CPU
		{ACBF7D99-F2CE-4C38-9CBA-1A70D080FE60}.Release|Any CPU.ActiveCfg = Release|Any CPU
		{ACBF7D99-F2CE-4C38-9CBA-1A70D080FE60}.Release|Any CPU.Build.0 = Release|Any CPU
		{EFF77C9A-49EB-4B5A-B00B-48303AF96BDA}.Debug|Any CPU.ActiveCfg = Debug|Any CPU
		{EFF77C9A-49EB-4B5A-B00B-48303AF96BDA}.Debug|Any CPU.Build.0 = Debug|Any CPU
		{EFF77C9A-49EB-4B5A-B00B-48303AF96BDA}.Release|Any CPU.ActiveCfg = Release|Any CPU
		{EFF77C9A-49EB-4B5A-B00B-48303AF96BDA}.Release|Any CPU.Build.0 = Release|Any CPU
		{97A28867-A94F-4088-B005-768C14E4DFEA}.Debug|Any CPU.ActiveCfg = Debug|Any CPU
		{97A28867-A94F-4088-B005-768C14E4DFEA}.Debug|Any CPU.Build.0 = Debug|Any CPU
		{97A28867-A94F-4088-B005-768C14E4DFEA}.Release|Any CPU.ActiveCfg = Release|Any CPU
		{97A28867-A94F-4088-B005-768C14E4DFEA}.Release|Any CPU.Build.0 = Release|Any CPU
		{F4A0EF6C-E91B-472F-870E-1D2FC8493AC8}.Debug|Any CPU.ActiveCfg = Debug|Any CPU
		{F4A0EF6C-E91B-472F-870E-1D2FC8493AC8}.Debug|Any CPU.Build.0 = Debug|Any CPU
		{F4A0EF6C-E91B-472F-870E-1D2FC8493AC8}.Release|Any CPU.ActiveCfg = Release|Any CPU
		{F4A0EF6C-E91B-472F-870E-1D2FC8493AC8}.Release|Any CPU.Build.0 = Release|Any CPU
		{79C4EFF7-D328-4F73-9A72-4CC538BCD61E}.Debug|Any CPU.ActiveCfg = Debug|Any CPU
		{79C4EFF7-D328-4F73-9A72-4CC538BCD61E}.Debug|Any CPU.Build.0 = Debug|Any CPU
		{79C4EFF7-D328-4F73-9A72-4CC538BCD61E}.Release|Any CPU.ActiveCfg = Release|Any CPU
		{79C4EFF7-D328-4F73-9A72-4CC538BCD61E}.Release|Any CPU.Build.0 = Release|Any CPU
		{C2444364-9CF7-4C40-90F5-A23B6B31ABF5}.Debug|Any CPU.ActiveCfg = Debug|Any CPU
		{C2444364-9CF7-4C40-90F5-A23B6B31ABF5}.Debug|Any CPU.Build.0 = Debug|Any CPU
		{C2444364-9CF7-4C40-90F5-A23B6B31ABF5}.Release|Any CPU.ActiveCfg = Release|Any CPU
		{C2444364-9CF7-4C40-90F5-A23B6B31ABF5}.Release|Any CPU.Build.0 = Release|Any CPU
		{F3ACAAD5-68D0-4D10-9406-28F0F8EB63FC}.Debug|Any CPU.ActiveCfg = Debug|Any CPU
		{F3ACAAD5-68D0-4D10-9406-28F0F8EB63FC}.Debug|Any CPU.Build.0 = Debug|Any CPU
		{F3ACAAD5-68D0-4D10-9406-28F0F8EB63FC}.Release|Any CPU.ActiveCfg = Release|Any CPU
		{F3ACAAD5-68D0-4D10-9406-28F0F8EB63FC}.Release|Any CPU.Build.0 = Release|Any CPU
		{B2D76709-7068-41B7-8835-672498949509}.Debug|Any CPU.ActiveCfg = Debug|Any CPU
		{B2D76709-7068-41B7-8835-672498949509}.Debug|Any CPU.Build.0 = Debug|Any CPU
		{B2D76709-7068-41B7-8835-672498949509}.Release|Any CPU.ActiveCfg = Release|Any CPU
		{B2D76709-7068-41B7-8835-672498949509}.Release|Any CPU.Build.0 = Release|Any CPU
		{B9C2C0BF-8233-49D4-A7B4-88E7BC29E15E}.Debug|Any CPU.ActiveCfg = Debug|Any CPU
		{B9C2C0BF-8233-49D4-A7B4-88E7BC29E15E}.Debug|Any CPU.Build.0 = Debug|Any CPU
		{B9C2C0BF-8233-49D4-A7B4-88E7BC29E15E}.Release|Any CPU.ActiveCfg = Release|Any CPU
		{B9C2C0BF-8233-49D4-A7B4-88E7BC29E15E}.Release|Any CPU.Build.0 = Release|Any CPU
		{F8B97F03-446F-4242-B763-5C550E9EE3D0}.Debug|Any CPU.ActiveCfg = Debug|Any CPU
		{F8B97F03-446F-4242-B763-5C550E9EE3D0}.Debug|Any CPU.Build.0 = Debug|Any CPU
		{F8B97F03-446F-4242-B763-5C550E9EE3D0}.Release|Any CPU.ActiveCfg = Release|Any CPU
		{F8B97F03-446F-4242-B763-5C550E9EE3D0}.Release|Any CPU.Build.0 = Release|Any CPU
		{AB85BC07-E9BF-47C9-A8A4-D711B99F3284}.Debug|Any CPU.ActiveCfg = Debug|Any CPU
		{AB85BC07-E9BF-47C9-A8A4-D711B99F3284}.Debug|Any CPU.Build.0 = Debug|Any CPU
		{AB85BC07-E9BF-47C9-A8A4-D711B99F3284}.Release|Any CPU.ActiveCfg = Release|Any CPU
		{AB85BC07-E9BF-47C9-A8A4-D711B99F3284}.Release|Any CPU.Build.0 = Release|Any CPU
		{9F62D90D-E9B0-4261-859D-532C8EC42E06}.Debug|Any CPU.ActiveCfg = Debug|Any CPU
		{9F62D90D-E9B0-4261-859D-532C8EC42E06}.Debug|Any CPU.Build.0 = Debug|Any CPU
		{9F62D90D-E9B0-4261-859D-532C8EC42E06}.Release|Any CPU.ActiveCfg = Release|Any CPU
		{9F62D90D-E9B0-4261-859D-532C8EC42E06}.Release|Any CPU.Build.0 = Release|Any CPU
		{2D4D4339-F1E0-44CE-8B33-69C4D35F664F}.Debug|Any CPU.ActiveCfg = Debug|Any CPU
		{2D4D4339-F1E0-44CE-8B33-69C4D35F664F}.Debug|Any CPU.Build.0 = Debug|Any CPU
		{2D4D4339-F1E0-44CE-8B33-69C4D35F664F}.Release|Any CPU.ActiveCfg = Release|Any CPU
		{2D4D4339-F1E0-44CE-8B33-69C4D35F664F}.Release|Any CPU.Build.0 = Release|Any CPU
		{C44848F8-643F-4E87-84B1-270FC198003F}.Debug|Any CPU.ActiveCfg = Debug|Any CPU
		{C44848F8-643F-4E87-84B1-270FC198003F}.Debug|Any CPU.Build.0 = Debug|Any CPU
		{C44848F8-643F-4E87-84B1-270FC198003F}.Release|Any CPU.ActiveCfg = Release|Any CPU
		{C44848F8-643F-4E87-84B1-270FC198003F}.Release|Any CPU.Build.0 = Release|Any CPU
		{08D63A00-F352-48B8-8F8F-7F849FC5C691}.Debug|Any CPU.ActiveCfg = Debug|Any CPU
		{08D63A00-F352-48B8-8F8F-7F849FC5C691}.Debug|Any CPU.Build.0 = Debug|Any CPU
		{08D63A00-F352-48B8-8F8F-7F849FC5C691}.Release|Any CPU.ActiveCfg = Release|Any CPU
		{08D63A00-F352-48B8-8F8F-7F849FC5C691}.Release|Any CPU.Build.0 = Release|Any CPU
		{DCA81324-8094-4AB9-8B61-D0F57AC822DD}.Debug|Any CPU.ActiveCfg = Debug|Any CPU
		{DCA81324-8094-4AB9-8B61-D0F57AC822DD}.Debug|Any CPU.Build.0 = Debug|Any CPU
		{DCA81324-8094-4AB9-8B61-D0F57AC822DD}.Release|Any CPU.ActiveCfg = Release|Any CPU
		{DCA81324-8094-4AB9-8B61-D0F57AC822DD}.Release|Any CPU.Build.0 = Release|Any CPU
		{C0B8C2C0-56FC-44F2-9C19-78E21789B875}.Debug|Any CPU.ActiveCfg = Debug|Any CPU
		{C0B8C2C0-56FC-44F2-9C19-78E21789B875}.Debug|Any CPU.Build.0 = Debug|Any CPU
		{C0B8C2C0-56FC-44F2-9C19-78E21789B875}.Release|Any CPU.ActiveCfg = Release|Any CPU
		{C0B8C2C0-56FC-44F2-9C19-78E21789B875}.Release|Any CPU.Build.0 = Release|Any CPU
		{46D15D85-9192-4982-91EE-1A5E26C66EBD}.Debug|Any CPU.ActiveCfg = Debug|Any CPU
		{46D15D85-9192-4982-91EE-1A5E26C66EBD}.Debug|Any CPU.Build.0 = Debug|Any CPU
		{46D15D85-9192-4982-91EE-1A5E26C66EBD}.Release|Any CPU.ActiveCfg = Release|Any CPU
		{46D15D85-9192-4982-91EE-1A5E26C66EBD}.Release|Any CPU.Build.0 = Release|Any CPU
		{E30CB578-6EA3-4612-87B9-EB2764417EC5}.Debug|Any CPU.ActiveCfg = Debug|Any CPU
		{E30CB578-6EA3-4612-87B9-EB2764417EC5}.Debug|Any CPU.Build.0 = Debug|Any CPU
		{E30CB578-6EA3-4612-87B9-EB2764417EC5}.Release|Any CPU.ActiveCfg = Release|Any CPU
		{E30CB578-6EA3-4612-87B9-EB2764417EC5}.Release|Any CPU.Build.0 = Release|Any CPU
		{B807626D-BE64-4230-BA3C-B2DB9DA0BB21}.Debug|Any CPU.ActiveCfg = Debug|Any CPU
		{B807626D-BE64-4230-BA3C-B2DB9DA0BB21}.Debug|Any CPU.Build.0 = Debug|Any CPU
		{B807626D-BE64-4230-BA3C-B2DB9DA0BB21}.Release|Any CPU.ActiveCfg = Release|Any CPU
		{B807626D-BE64-4230-BA3C-B2DB9DA0BB21}.Release|Any CPU.Build.0 = Release|Any CPU
		{2D5DDD05-397F-4A26-A683-92E23204F759}.Debug|Any CPU.ActiveCfg = Debug|Any CPU
		{2D5DDD05-397F-4A26-A683-92E23204F759}.Debug|Any CPU.Build.0 = Debug|Any CPU
		{2D5DDD05-397F-4A26-A683-92E23204F759}.Release|Any CPU.ActiveCfg = Release|Any CPU
		{2D5DDD05-397F-4A26-A683-92E23204F759}.Release|Any CPU.Build.0 = Release|Any CPU
		{BC1D8CDE-6B26-41D8-A2DE-265B12D49FC9}.Debug|Any CPU.ActiveCfg = Debug|Any CPU
		{BC1D8CDE-6B26-41D8-A2DE-265B12D49FC9}.Debug|Any CPU.Build.0 = Debug|Any CPU
		{BC1D8CDE-6B26-41D8-A2DE-265B12D49FC9}.Release|Any CPU.ActiveCfg = Release|Any CPU
		{BC1D8CDE-6B26-41D8-A2DE-265B12D49FC9}.Release|Any CPU.Build.0 = Release|Any CPU
		{A0946AD2-C1F3-4C5A-A992-76535273D0B3}.Debug|Any CPU.ActiveCfg = Debug|Any CPU
		{A0946AD2-C1F3-4C5A-A992-76535273D0B3}.Debug|Any CPU.Build.0 = Debug|Any CPU
		{A0946AD2-C1F3-4C5A-A992-76535273D0B3}.Release|Any CPU.ActiveCfg = Release|Any CPU
		{A0946AD2-C1F3-4C5A-A992-76535273D0B3}.Release|Any CPU.Build.0 = Release|Any CPU
	EndGlobalSection
	GlobalSection(SolutionProperties) = preSolution
		HideSolutionNode = FALSE
	EndGlobalSection
	GlobalSection(NestedProjects) = preSolution
		{B874C5FC-F000-4BFE-A0CE-41EE3BC3A031} = {CD6FADCB-3123-4A73-92DE-F12A7DB34A1B}
		{ACBF7D99-F2CE-4C38-9CBA-1A70D080FE60} = {B874C5FC-F000-4BFE-A0CE-41EE3BC3A031}
		{655E8E32-4EBD-4E0A-9CD0-AE734F89E3B9} = {CD6FADCB-3123-4A73-92DE-F12A7DB34A1B}
		{97A28867-A94F-4088-B005-768C14E4DFEA} = {655E8E32-4EBD-4E0A-9CD0-AE734F89E3B9}
		{F4A0EF6C-E91B-472F-870E-1D2FC8493AC8} = {655E8E32-4EBD-4E0A-9CD0-AE734F89E3B9}
		{071777C7-F650-4B21-903D-984480247A96} = {CD6FADCB-3123-4A73-92DE-F12A7DB34A1B}
		{79C4EFF7-D328-4F73-9A72-4CC538BCD61E} = {071777C7-F650-4B21-903D-984480247A96}
		{C2444364-9CF7-4C40-90F5-A23B6B31ABF5} = {071777C7-F650-4B21-903D-984480247A96}
		{C4302B5F-D747-4255-AB5C-F653A3B8425B} = {8D9DE966-A63A-466D-BD4C-839E0DE49FBE}
		{B9C2C0BF-8233-49D4-A7B4-88E7BC29E15E} = {C4302B5F-D747-4255-AB5C-F653A3B8425B}
		{96B8F75D-7DCC-44CE-B3A3-56EFD9A00E7D} = {8D9DE966-A63A-466D-BD4C-839E0DE49FBE}
		{F8B97F03-446F-4242-B763-5C550E9EE3D0} = {96B8F75D-7DCC-44CE-B3A3-56EFD9A00E7D}
		{AB85BC07-E9BF-47C9-A8A4-D711B99F3284} = {96B8F75D-7DCC-44CE-B3A3-56EFD9A00E7D}
		{70B50712-260C-4BFB-A1D1-F80EDF93EBD4} = {8D9DE966-A63A-466D-BD4C-839E0DE49FBE}
		{9F62D90D-E9B0-4261-859D-532C8EC42E06} = {70B50712-260C-4BFB-A1D1-F80EDF93EBD4}
		{2D4D4339-F1E0-44CE-8B33-69C4D35F664F} = {70B50712-260C-4BFB-A1D1-F80EDF93EBD4}
		{206A0AD3-8EBF-48A2-A564-CA8EEB0F4130} = {E15699E3-C96B-4A9F-B1AF-4E400BDBC1C8}
		{C44848F8-643F-4E87-84B1-270FC198003F} = {206A0AD3-8EBF-48A2-A564-CA8EEB0F4130}
		{A1C06756-5469-4189-95D6-F1ABA51D38F9} = {E15699E3-C96B-4A9F-B1AF-4E400BDBC1C8}
		{08D63A00-F352-48B8-8F8F-7F849FC5C691} = {A1C06756-5469-4189-95D6-F1ABA51D38F9}
		{DCA81324-8094-4AB9-8B61-D0F57AC822DD} = {A1C06756-5469-4189-95D6-F1ABA51D38F9}
		{3AB8FF57-A5C5-43F5-925B-C211D7EA162B} = {E15699E3-C96B-4A9F-B1AF-4E400BDBC1C8}
		{C0B8C2C0-56FC-44F2-9C19-78E21789B875} = {3AB8FF57-A5C5-43F5-925B-C211D7EA162B}
		{46D15D85-9192-4982-91EE-1A5E26C66EBD} = {3AB8FF57-A5C5-43F5-925B-C211D7EA162B}
		{EA0D94C9-B3F8-4DC9-A58A-3F243DB7206E} = {F4C89C5D-BA30-4FF3-BCB5-B4D75B89EB7B}
		{E30CB578-6EA3-4612-87B9-EB2764417EC5} = {EA0D94C9-B3F8-4DC9-A58A-3F243DB7206E}
		{9341E20C-2A04-4643-BB3D-9F3D14966DFC} = {F4C89C5D-BA30-4FF3-BCB5-B4D75B89EB7B}
		{B807626D-BE64-4230-BA3C-B2DB9DA0BB21} = {9341E20C-2A04-4643-BB3D-9F3D14966DFC}
		{2D5DDD05-397F-4A26-A683-92E23204F759} = {9341E20C-2A04-4643-BB3D-9F3D14966DFC}
		{9B611D2E-F082-40BC-965B-EEBAB24DAF4A} = {F4C89C5D-BA30-4FF3-BCB5-B4D75B89EB7B}
		{BC1D8CDE-6B26-41D8-A2DE-265B12D49FC9} = {9B611D2E-F082-40BC-965B-EEBAB24DAF4A}
		{A0946AD2-C1F3-4C5A-A992-76535273D0B3} = {9B611D2E-F082-40BC-965B-EEBAB24DAF4A}
	EndGlobalSection
	GlobalSection(ExtensibilityGlobals) = postSolution
		SolutionGuid = {0C3279CE-826C-420D-99CC-3CA1BF4037E3}
	EndGlobalSection
EndGlobal
